
Microsoft Visual Studio Solution File, Format Version 12.00
# Visual Studio 15
VisualStudioVersion = 15.0.28307.572
MinimumVisualStudioVersion = 10.0.40219.1
Project("{FAE04EC0-301F-11D3-BF4B-00C04F79EFBC}") = "TelephoniaDatabaseUpdaterCore", "TelephoniaDatabaseUpdaterCore\TelephoniaDatabaseUpdaterCore.csproj", "{A381FA9C-9B5C-4E32-88C4-B18B020EC1C1}"
EndProject
Global
	GlobalSection(SolutionConfigurationPlatforms) = preSolution
		Debug|Any CPU = Debug|Any CPU
		Release|Any CPU = Release|Any CPU
	EndGlobalSection
	GlobalSection(ProjectConfigurationPlatforms) = postSolution
		{A381FA9C-9B5C-4E32-88C4-B18B020EC1C1}.Debug|Any CPU.ActiveCfg = Debug|Any CPU
		{A381FA9C-9B5C-4E32-88C4-B18B020EC1C1}.Debug|Any CPU.Build.0 = Debug|Any CPU
		{A381FA9C-9B5C-4E32-88C4-B18B020EC1C1}.Release|Any CPU.ActiveCfg = Release|Any CPU
		{A381FA9C-9B5C-4E32-88C4-B18B020EC1C1}.Release|Any CPU.Build.0 = Release|Any CPU
	EndGlobalSection
	GlobalSection(SolutionProperties) = preSolution
		HideSolutionNode = FALSE
	EndGlobalSection
	GlobalSection(ExtensibilityGlobals) = postSolution
		SolutionGuid = {305CE508-85F9-4BF9-A864-C3DD13761A28}
	EndGlobalSection
EndGlobal
